{
  "name": "answer-me",
  "version": "0.1.0",
  "lockfileVersion": 3,
  "requires": true,
  "packages": {
    "": {
      "name": "answer-me",
      "version": "0.1.0",
      "license": "MIT",
      "dependencies": {
        "@dagrejs/dagre": "^3.1.1",
        "marked": "^18.0.14"
      },
      "bin": {
        "am": "bin/am.js",
        "answer-me": "bin/am.js"
      },
      "engines": {
        "node": ">=20"
      }
    },
    "node_modules/@dagrejs/dagre": {
      "version": "3.1.1",
      "resolved": "https://registry.npmjs.org/@dagrejs/dagre/-/dagre-3.1.1.tgz",
      "integrity": "sha512-zroZB1dFOFiGgv4Xcrn1DckB1o4aOikPqD2NDQPV0WM//CXGcS6xiD0rNkqHmw6FEg4tabt4nxPLwgCWT+Vb2A==",
      "license": "MIT",
      "dependencies": {
        "@dagrejs/graphlib": "4.0.5"
      }
    },
    "node_modules/@dagrejs/graphlib": {
      "version": "4.0.5",
      "resolved": "https://registry.npmjs.org/@dagrejs/graphlib/-/graphlib-4.0.5.tgz",
      "integrity": "sha512-7xrBTqIts3o+PMUZX97wSc+7TUbW+/rULzGNCTP6yooNVDXbzw4Wutg/H/xOutTB/c/k0YqOAavgPh4/Zk9PFA==",
      "license": "MIT"
    },
    "node_modules/marked": {
      "version": "18.0.14",
      "resolved": "https://registry.npmjs.org/marked/-/marked-18.0.14.tgz",
      "integrity": "sha512-mBHK6FBHuBAlhgRe88w9F0O1AbwwXJUcQibUbC/QcdTbVGAD7aWza+xt3N6oT/jCZx3/OMeS+8rnuiHZcQ9s7A==",
      "license": "MIT",
      "bin": {
        "marked": "bin/marked.js"
      },
      "engines": {
        "node": ">= 20"
      }
    }
  }
}
